{
  "version": 4,
  "terraform_version": "1.1.7",
  "serial": 9,
  "lineage": "cea83980-9515-0edd-3969-7cfc98b97669",
  "outputs": {},
  "resources": [
    {
      "mode": "data",
      "type": "aws_ip_ranges",
      "name": "asian_ec2",
      "provider": "provider[\"registry.terraform.io/hashicorp/aws\"]",
      "instances": [
        {
          "schema_version": 0,
          "attributes": {
            "cidr_blocks": [
              "13.126.0.0/15",
              "13.232.0.0/14",
              "15.177.68.0/23",
              "15.177.73.0/24",
              "15.193.0.0/24",
              "15.193.4.0/24",
              "15.206.0.0/15",
              "15.220.216.0/22",
              "15.220.227.0/24",
              "15.220.228.0/22",
              "15.220.232.0/24",
              "18.153.0.0/16",
              "18.156.0.0/14",
              "18.184.0.0/15",
              "18.192.0.0/15",
              "18.194.0.0/15",
              "18.196.0.0/15",
              "18.198.0.0/15",
              "3.108.0.0/14",
              "3.120.0.0/14",
              "3.124.0.0/14",
              "3.33.35.0/24",
              "3.5.134.0/23",
              "3.5.136.0/22",
              "3.5.208.0/22",
              "3.5.212.0/23",
              "3.6.0.0/15",
              "3.64.0.0/12",
              "35.154.0.0/16",
              "35.156.0.0/14",
              "35.71.100.0/24",
              "35.71.105.0/24",
              "43.204.0.0/15",
              "52.28.0.0/16",
              "52.29.0.0/16",
              "52.46.184.0/22",
              "52.57.0.0/16",
              "52.58.0.0/15",
              "52.66.0.0/16",
              "52.94.248.112/28",
              "52.94.248.144/28",
              "52.95.248.0/24",
              "52.95.249.0/24",
              "52.95.255.128/28",
              "54.93.0.0/16",
              "64.252.100.0/24",
              "64.252.101.0/24",
              "64.252.86.0/24",
              "64.252.87.0/24",
              "64.252.88.0/24",
              "64.252.89.0/24",
              "64.252.98.0/24",
              "64.252.99.0/24",
              "65.0.0.0/14",
              "99.150.16.0/21",
              "99.151.136.0/21",
              "99.77.136.0/24",
              "99.77.145.0/24",
              "99.77.158.0/24",
              "99.77.247.0/24"
            ],
            "create_date": "2022-03-14-20-23-21",
            "id": "1647289401",
            "ipv6_cidr_blocks": [
              "2406:da00:a000::/40",
              "2406:da1a::/36",
              "2406:da60:a000::/40",
              "2406:da70:a000::/40",
              "2406:daf0:a000::/40",
              "2406:daf1:a000::/40",
              "2406:daff:a000::/40",
              "2600:1ffd:80a7::/48",
              "2600:1ffd:80c8::/48",
              "2600:1ffd:80cb::/48",
              "2600:1ffd:80d0::/48",
              "2600:1ffd:80e1::/48",
              "2600:1ffd:80f0::/48",
              "2600:1ffd:8285::/48",
              "2600:1ffd:82be::/48",
              "2620:107:4002::/48",
              "2620:107:4003::/48",
              "2a01:578:13::/64",
              "2a05:d000:4000::/40",
              "2a05:d014::/36",
              "2a05:d030:4000::/40",
              "2a05:d03a:4000::/40",
              "2a05:d070:4000::/40",
              "2a05:d071:4000::/40",
              "2a05:d07f:4000::/40"
            ],
            "regions": [
              "ap-south-1",
              "eu-central-1"
            ],
            "services": [
              "ec2"
            ],
            "sync_token": 1647289401,
            "url": "https://ip-ranges.amazonaws.com/ip-ranges.json"
          },
          "sensitive_attributes": []
        }
      ]
    },
    {
      "mode": "managed",
      "type": "aws_security_group",
      "name": "from_asia",
      "provider": "provider[\"registry.terraform.io/hashicorp/aws\"]",
      "instances": [
        {
          "schema_version": 1,
          "attributes": {
            "arn": "arn:aws:ec2:ap-south-1:942479038715:security-group/sg-00c0a1fe72e7fec07",
            "description": "Managed by Terraform",
            "egress": [],
            "id": "sg-00c0a1fe72e7fec07",
            "ingress": [
              {
                "cidr_blocks": [
                  "13.126.0.0/15",
                  "13.232.0.0/14",
                  "15.177.68.0/23",
                  "15.177.73.0/24",
                  "15.193.0.0/24",
                  "15.193.4.0/24",
                  "15.206.0.0/15",
                  "15.220.216.0/22",
                  "15.220.227.0/24",
                  "15.220.228.0/22",
                  "15.220.232.0/24",
                  "18.153.0.0/16",
                  "18.156.0.0/14",
                  "18.184.0.0/15",
                  "18.192.0.0/15",
                  "18.194.0.0/15",
                  "18.196.0.0/15",
                  "18.198.0.0/15",
                  "3.108.0.0/14",
                  "3.120.0.0/14",
                  "3.124.0.0/14",
                  "3.33.35.0/24",
                  "3.5.134.0/23",
                  "3.5.136.0/22",
                  "3.5.208.0/22",
                  "3.5.212.0/23",
                  "3.6.0.0/15",
                  "3.64.0.0/12",
                  "35.154.0.0/16",
                  "35.156.0.0/14",
                  "35.71.100.0/24",
                  "35.71.105.0/24",
                  "43.204.0.0/15",
                  "52.28.0.0/16",
                  "52.29.0.0/16",
                  "52.46.184.0/22",
                  "52.57.0.0/16",
                  "52.58.0.0/15",
                  "52.66.0.0/16",
                  "52.94.248.112/28",
                  "52.94.248.144/28",
                  "52.95.248.0/24",
                  "52.95.249.0/24",
                  "52.95.255.128/28",
                  "54.93.0.0/16",
                  "64.252.100.0/24",
                  "64.252.101.0/24",
                  "64.252.86.0/24",
                  "64.252.87.0/24",
                  "64.252.88.0/24"
                ],
                "description": "",
                "from_port": 443,
                "ipv6_cidr_blocks": [],
                "prefix_list_ids": [],
                "protocol": "tcp",
                "security_groups": [],
                "self": false,
                "to_port": 443
              }
            ],
            "name": "from_asia",
            "name_prefix": "",
            "owner_id": "942479038715",
            "revoke_rules_on_delete": false,
            "tags": {
              "CreateDate": "2022-03-14-20-23-21",
              "SyncToken": "1647289401"
            },
            "tags_all": {
              "CreateDate": "2022-03-14-20-23-21",
              "SyncToken": "1647289401"
            },
            "timeouts": null,
            "vpc_id": "vpc-054fbc4f2bbe5df1c"
          },
          "sensitive_attributes": [],
          "private": "eyJlMmJmYjczMC1lY2FhLTExZTYtOGY4OC0zNDM2M2JjN2M0YzAiOnsiY3JlYXRlIjo2MDAwMDAwMDAwMDAsImRlbGV0ZSI6OTAwMDAwMDAwMDAwfSwic2NoZW1hX3ZlcnNpb24iOiIxIn0=",
          "dependencies": [
            "data.aws_ip_ranges.asian_ec2"
          ]
        }
      ]
    }
  ]
}
